{
  "name": "bug-tracer",
  "version": "0.0.1",
  "lockfileVersion": 1,
  "requires": true,
  "dependencies": {
    "@stencil/core": {
      "version": "2.5.2",
      "resolved": "https://registry.npmjs.org/@stencil/core/-/core-2.5.2.tgz",
      "integrity": "sha512-bgjPXkSzzg1WnTgVUm6m5ZzpKt602WmA/QljODAW1xVN40OHJdbGblzF/F6MFzqv2c5Cy30CB41arc8qADIdcQ=="
    },
    "@stencil/sass": {
      "version": "1.4.1",
      "resolved": "https://registry.npmjs.org/@stencil/sass/-/sass-1.4.1.tgz",
      "integrity": "sha512-aFKoqtxZ/8BRbvNFiWRycGiqvMI22Ifn5qsKfq0U23j43XD81jT6d7K0WQd55ejNpoSpdxJcbOuFgQy3mXizfA==",
      "dev": true
    },
    "base64-arraybuffer": {
      "version": "0.2.0",
      "resolved": "https://registry.npmjs.org/base64-arraybuffer/-/base64-arraybuffer-0.2.0.tgz",
      "integrity": "sha512-7emyCsu1/xiBXgQZrscw/8KPRT44I4Yq9Pe6EGs3aPRTsWuggML1/1DTuZUuIaJPIm1FTDUVXl4x/yW8s0kQDQ=="
    },
    "css-line-break": {
      "version": "1.1.1",
      "resolved": "https://registry.npmjs.org/css-line-break/-/css-line-break-1.1.1.tgz",
      "integrity": "sha512-1feNVaM4Fyzdj4mKPIQNL2n70MmuYzAXZ1aytlROFX1JsOo070OsugwGjj7nl6jnDJWHDM8zRZswkmeYVWZJQA==",
      "requires": {
        "base64-arraybuffer": "^0.2.0"
      }
    },
    "dom-to-image": {
      "version": "2.6.0",
      "resolved": "https://registry.npmjs.org/dom-to-image/-/dom-to-image-2.6.0.tgz",
      "integrity": "sha1-ilA2CAiMh7HCL5A0rgMuGJiVWGc="
    },
    "html2canvas": {
      "version": "1.0.0-rc.7",
      "resolved": "https://registry.npmjs.org/html2canvas/-/html2canvas-1.0.0-rc.7.tgz",
      "integrity": "sha512-yvPNZGejB2KOyKleZspjK/NruXVQuowu8NnV2HYG7gW7ytzl+umffbtUI62v2dCHQLDdsK6HIDtyJZ0W3neerA==",
      "requires": {
        "css-line-break": "1.1.1"
      }
    }
  }
}
